Microsoft Visual Studio Solution File, Format Version 12.00
# Visual Studio Version 17
VisualStudioVersion = 17.5.2.0
MinimumVisualStudioVersion = 10.0.40219.1
Project("{FAE04EC0-301F-11D3-BF4B-00C04F79EFBC}") = "WeatherDashboardAPI", "WeatherDashboardAPI\WeatherDashboardAPI.csproj", "{5A32E974-3AF3-2E7F-93BD-CEE42FD6BE8D}"
EndProject
Global
	GlobalSection(SolutionConfigurationPlatforms) = preSolution
		Debug|Any CPU = Debug|Any CPU
		Release|Any CPU = Release|Any CPU
	EndGlobalSection
	GlobalSection(ProjectConfigurationPlatforms) = postSolution
		{5A32E974-3AF3-2E7F-93BD-CEE42FD6BE8D}.Debug|Any CPU.ActiveCfg = Debug|Any CPU
		{5A32E974-3AF3-2E7F-93BD-CEE42FD6BE8D}.Debug|Any CPU.Build.0 = Debug|Any CPU
		{5A32E974-3AF3-2E7F-93BD-CEE42FD6BE8D}.Release|Any CPU.ActiveCfg = Release|Any CPU
		{5A32E974-3AF3-2E7F-93BD-CEE42FD6BE8D}.Release|Any CPU.Build.0 = Release|Any CPU
	EndGlobalSection
	GlobalSection(SolutionProperties) = preSolution
		HideSolutionNode = FALSE
	EndGlobalSection
	GlobalSection(ExtensibilityGlobals) = postSolution
		SolutionGuid = {B386CD23-7430-4518-80F6-945F81BFD17A}
	EndGlobalSection
EndGlobal
